
Microsoft Visual Studio Solution File, Format Version 12.00
# Visual Studio Version 17
VisualStudioVersion = 17.8.34408.163
MinimumVisualStudioVersion = 10.0.40219.1
Project("{FAE04EC0-301F-11D3-BF4B-00C04F79EFBC}") = "TheBattleBot", "TheBattleBot.csproj", "{FA55B012-8F63-4A8E-A193-1A1B7BC8C1A3}"
EndProject
Global
	GlobalSection(SolutionConfigurationPlatforms) = preSolution
		Debug|Any CPU = Debug|Any CPU
		Release|Any CPU = Release|Any CPU
	EndGlobalSection
	GlobalSection(ProjectConfigurationPlatforms) = postSolution
		{FA55B012-8F63-4A8E-A193-1A1B7BC8C1A3}.Debug|Any CPU.ActiveCfg = Debug|Any CPU
		{FA55B012-8F63-4A8E-A193-1A1B7BC8C1A3}.Debug|Any CPU.Build.0 = Debug|Any CPU
		{FA55B012-8F63-4A8E-A193-1A1B7BC8C1A3}.Release|Any CPU.ActiveCfg = Release|Any CPU
		{FA55B012-8F63-4A8E-A193-1A1B7BC8C1A3}.Release|Any CPU.Build.0 = Release|Any CPU
	EndGlobalSection
	GlobalSection(SolutionProperties) = preSolution
		HideSolutionNode = FALSE
	EndGlobalSection
	GlobalSection(ExtensibilityGlobals) = postSolution
		SolutionGuid = {36245C4B-0DBD-4390-B7F2-981166E34B13}
	EndGlobalSection
EndGlobal
